
Microsoft Visual Studio Solution File, Format Version 12.00
# Visual Studio 2012
Project("{FAE04EC0-301F-11D3-BF4B-00C04F79EFBC}") = "MF.Core.Infrastructure", "..\..\Projects\MF.Core.Infrastructure\MF.Core.Infrastructure.csproj", "{23DC4154-011C-4950-B314-813B536D8398}"
EndProject
Project("{FAE04EC0-301F-11D3-BF4B-00C04F79EFBC}") = "MF.Core.Messages", "..\..\Projects\MF.Core.Messages\MF.Core.Messages.csproj", "{989CC909-33F7-4435-94CE-F5A6C71A6A7B}"
EndProject
Project("{FAE04EC0-301F-11D3-BF4B-00C04F79EFBC}") = "MF.Core.Projections", "..\..\Projects\MF.Core.Projections\MF.Core.Projections.csproj", "{CC93A856-29AA-49DC-B66B-505BEB9B80D7}"
EndProject
Project("{FAE04EC0-301F-11D3-BF4B-00C04F79EFBC}") = "MF.Service.Projections", "..\..\Projects\MF.Service.Projections\MF.Service.Projections.csproj", "{C92C79A1-8BF8-435E-89E2-6805085D0876}"
EndProject
Project("{FAE04EC0-301F-11D3-BF4B-00C04F79EFBC}") = "MF.Core.ReadModel", "..\..\Projects\MF.Core.ReadModel\MF.Core.ReadModel.csproj", "{7EC77E03-4CAE-42C0-9F79-CD9CB1D52AFD}"
EndProject
Global
	GlobalSection(SolutionConfigurationPlatforms) = preSolution
		Debug|Any CPU = Debug|Any CPU
		Release|Any CPU = Release|Any CPU
	EndGlobalSection
	GlobalSection(ProjectConfigurationPlatforms) = postSolution
		{23DC4154-011C-4950-B314-813B536D8398}.Debug|Any CPU.ActiveCfg = Debug|Any CPU
		{23DC4154-011C-4950-B314-813B536D8398}.Debug|Any CPU.Build.0 = Debug|Any CPU
		{23DC4154-011C-4950-B314-813B536D8398}.Release|Any CPU.ActiveCfg = Release|Any CPU
		{23DC4154-011C-4950-B314-813B536D8398}.Release|Any CPU.Build.0 = Release|Any CPU
		{989CC909-33F7-4435-94CE-F5A6C71A6A7B}.Debug|Any CPU.ActiveCfg = Debug|Any CPU
		{989CC909-33F7-4435-94CE-F5A6C71A6A7B}.Debug|Any CPU.Build.0 = Debug|Any CPU
		{989CC909-33F7-4435-94CE-F5A6C71A6A7B}.Release|Any CPU.ActiveCfg = Release|Any CPU
		{989CC909-33F7-4435-94CE-F5A6C71A6A7B}.Release|Any CPU.Build.0 = Release|Any CPU
		{CC93A856-29AA-49DC-B66B-505BEB9B80D7}.Debug|Any CPU.ActiveCfg = Debug|Any CPU
		{CC93A856-29AA-49DC-B66B-505BEB9B80D7}.Debug|Any CPU.Build.0 = Debug|Any CPU
		{CC93A856-29AA-49DC-B66B-505BEB9B80D7}.Release|Any CPU.ActiveCfg = Release|Any CPU
		{CC93A856-29AA-49DC-B66B-505BEB9B80D7}.Release|Any CPU.Build.0 = Release|Any CPU
		{C92C79A1-8BF8-435E-89E2-6805085D0876}.Debug|Any CPU.ActiveCfg = Debug|Any CPU
		{C92C79A1-8BF8-435E-89E2-6805085D0876}.Debug|Any CPU.Build.0 = Debug|Any CPU
		{C92C79A1-8BF8-435E-89E2-6805085D0876}.Release|Any CPU.ActiveCfg = Release|Any CPU
		{C92C79A1-8BF8-435E-89E2-6805085D0876}.Release|Any CPU.Build.0 = Release|Any CPU
		{7EC77E03-4CAE-42C0-9F79-CD9CB1D52AFD}.Debug|Any CPU.ActiveCfg = Debug|Any CPU
		{7EC77E03-4CAE-42C0-9F79-CD9CB1D52AFD}.Debug|Any CPU.Build.0 = Debug|Any CPU
		{7EC77E03-4CAE-42C0-9F79-CD9CB1D52AFD}.Release|Any CPU.ActiveCfg = Release|Any CPU
		{7EC77E03-4CAE-42C0-9F79-CD9CB1D52AFD}.Release|Any CPU.Build.0 = Release|Any CPU
	EndGlobalSection
	GlobalSection(SolutionProperties) = preSolution
		HideSolutionNode = FALSE
	EndGlobalSection
EndGlobal
